
Microsoft Visual Studio Solution File, Format Version 9.00
# Visual Studio 2005
Project("{FAE04EC0-301F-11D3-BF4B-00C04F79EFBC}") = "Sony.ISD.BAL.Components", "Sony.ISD.BAL.Components\Sony.ISD.BAL.Components.csproj", "{77EE0157-310F-423C-8DFC-CB4B64E0800F}"
EndProject
Project("{FAE04EC0-301F-11D3-BF4B-00C04F79EFBC}") = "Sony.ISD.BAL.Controls", "Sony.ISD.BAL.Controls\Sony.ISD.BAL.Controls.csproj", "{88490C99-7DAA-4F3F-AB1B-AB7A5BFF8A81}"
EndProject
Project("{FAE04EC0-301F-11D3-BF4B-00C04F79EFBC}") = "Sony.ISD.BAL.SqlDataProvider", "Sony.ISD.BAL.SqlDataProvider\Sony.ISD.BAL.SqlDataProvider.csproj", "{EEE06183-11F3-4522-99E8-ED50179667E3}"
EndProject
Project("{E24C65DC-7377-472B-9ABA-BC803B73C61A}") = "D:\...\Sony.ISD.BAL.Web\", "Sony.ISD.BAL.Web", "{76F06B55-5F35-4DB3-A7DD-FB92CF8C66C9}"
	ProjectSection(WebsiteProperties) = preProject
		SccProjectName = ""$/WebDevelopment/Sony.ISD.BAL", AHBAAAAA"
		SccAuxPath = ""
		SccLocalPath = ".."
		SccProvider = "MSSCCI:Microsoft Visual SourceSafe"
		ProjectReferences = "{77EE0157-310F-423C-8DFC-CB4B64E0800F}|Sony.ISD.BAL.Components.dll;{EEE06183-11F3-4522-99E8-ED50179667E3}|Sony.ISD.BAL.SqlDataProvider.dll;{88490C99-7DAA-4F3F-AB1B-AB7A5BFF8A81}|Sony.ISD.BAL.Controls.dll;{B3FFDF3C-754C-4A7B-AE10-844F265CF7F4}|Sony.ISD.WebToolkit.Authentication.dll;{7AB36CCF-5FFD-4780-A54E-A102ECA028B5}|LumiSoft.Net.dll;"
		Debug.AspNetCompiler.VirtualPath = "/Sony.ISD.BAL.Web"
		Debug.AspNetCompiler.PhysicalPath = "..\Sony.ISD.BAL.Web\"
		Debug.AspNetCompiler.TargetPath = "PrecompiledWeb\Sony.ISD.BAL.Web\"
		Debug.AspNetCompiler.Updateable = "true"
		Debug.AspNetCompiler.ForceOverwrite = "true"
		Debug.AspNetCompiler.FixedNames = "false"
		Debug.AspNetCompiler.Debug = "True"
		Release.AspNetCompiler.VirtualPath = "/Sony.ISD.BAL.Web"
		Release.AspNetCompiler.PhysicalPath = "..\Sony.ISD.BAL.Web\"
		Release.AspNetCompiler.TargetPath = "PrecompiledWeb\Sony.ISD.BAL.Web\"
		Release.AspNetCompiler.Updateable = "true"
		Release.AspNetCompiler.ForceOverwrite = "true"
		Release.AspNetCompiler.FixedNames = "false"
		Release.AspNetCompiler.Debug = "False"
		DefaultWebSiteLanguage = "Visual C#"
	EndProjectSection
EndProject
Project("{FAE04EC0-301F-11D3-BF4B-00C04F79EFBC}") = "LumenWorks.Framework.IO", "..\Sony.ISD.WebToolkit\CsvReader20_src\LumenWorks.Framework.IO\LumenWorks.Framework.IO.csproj", "{8EBD24FC-80F8-46F2-B0EF-F2065FE823C0}"
EndProject
Project("{FAE04EC0-301F-11D3-BF4B-00C04F79EFBC}") = "Sony.ISD.WebToolkit.Authentication", "..\Sony.ISD.WebToolkit\Sony.ISD.WebToolkit.Authentication\Sony.ISD.WebToolkit.Authentication.csproj", "{B3FFDF3C-754C-4A7B-AE10-844F265CF7F4}"
EndProject
Project("{FAE04EC0-301F-11D3-BF4B-00C04F79EFBC}") = "Sony.ISD.WebToolkit.Components", "..\Sony.ISD.WebToolkit\Sony.ISD.WebToolkit.Components\Sony.ISD.WebToolkit.Components.csproj", "{1963C7A8-34FD-4797-BEE5-E5F50A0AB7A2}"
EndProject
Project("{FAE04EC0-301F-11D3-BF4B-00C04F79EFBC}") = "Sony.ISD.WebToolkit.Controls", "..\Sony.ISD.WebToolkit\Sony.ISD.WebToolkit.Controls\Sony.ISD.WebToolkit.Controls.csproj", "{996CDBEB-7F04-4BCD-8AD9-8499FEA8056A}"
EndProject
Project("{FAE04EC0-301F-11D3-BF4B-00C04F79EFBC}") = "Net", "Net\Net.csproj", "{7AB36CCF-5FFD-4780-A54E-A102ECA028B5}"
EndProject
Global
	GlobalSection(SourceCodeControl) = preSolution
		SccNumberOfProjects = 10
		SccLocalPath0 = .
		SccProjectUniqueName1 = Sony.ISD.BAL.Components\\Sony.ISD.BAL.Components.csproj
		SccLocalPath1 = .
		SccProjectFilePathRelativizedFromConnection1 = Sony.ISD.BAL.Components\\
		SccProjectUniqueName2 = Sony.ISD.BAL.Controls\\Sony.ISD.BAL.Controls.csproj
		SccLocalPath2 = .
		SccProjectFilePathRelativizedFromConnection2 = Sony.ISD.BAL.Controls\\
		SccProjectUniqueName3 = Sony.ISD.BAL.SqlDataProvider\\Sony.ISD.BAL.SqlDataProvider.csproj
		SccLocalPath3 = .
		SccProjectFilePathRelativizedFromConnection3 = Sony.ISD.BAL.SqlDataProvider\\
		SccWebProject4 = true
		SccProjectUniqueName4 = Sony.ISD.BAL.Web
		SccLocalPath4 = .
		SccProjectFilePathRelativizedFromConnection4 = Sony.ISD.BAL.Web\\
		SccProjectEnlistmentChoice4 = 2
		SccProjectUniqueName5 = ..\\Sony.ISD.WebToolkit\\CsvReader20_src\\LumenWorks.Framework.IO\\LumenWorks.Framework.IO.csproj
		SccProjectName5 = \u0022$/WebDevelopment/Sony.ISD.WebToolkit/CsvReader20_src/LumenWorks.Framework.IO\u0022,\u0020HAAAAAAA
		SccLocalPath5 = ..\\Sony.ISD.WebToolkit\\CsvReader20_src\\LumenWorks.Framework.IO
		SccProjectUniqueName6 = ..\\Sony.ISD.WebToolkit\\Sony.ISD.WebToolkit.Authentication\\Sony.ISD.WebToolkit.Authentication.csproj
		SccProjectName6 = \u0022$/WebDevelopment/Sony.ISD.WebToolkit/Sony.ISD.WebToolkit.Authentication\u0022,\u0020FBAAAAAA
		SccLocalPath6 = ..\\Sony.ISD.WebToolkit\\Sony.ISD.WebToolkit.Authentication
		SccProjectUniqueName7 = ..\\Sony.ISD.WebToolkit\\Sony.ISD.WebToolkit.Components\\Sony.ISD.WebToolkit.Components.csproj
		SccProjectName7 = \u0022$/WebDevelopment/Sony.ISD.WebToolkit/Sony.ISD.WebToolkit.Components\u0022,\u0020HCAAAAAA
		SccLocalPath7 = ..\\Sony.ISD.WebToolkit\\Sony.ISD.WebToolkit.Components
		SccProjectUniqueName8 = ..\\Sony.ISD.WebToolkit\\Sony.ISD.WebToolkit.Controls\\Sony.ISD.WebToolkit.Controls.csproj
		SccProjectName8 = \u0022$/WebDevelopment/Sony.ISD.WebToolkit/Sony.ISD.WebToolkit.Controls\u0022,\u0020HDAAAAAA
		SccLocalPath8 = ..\\Sony.ISD.WebToolkit\\Sony.ISD.WebToolkit.Controls
		SccProjectUniqueName9 = Net\\Net.csproj
		SccLocalPath9 = .
		SccProjectFilePathRelativizedFromConnection9 = Net\\
	EndGlobalSection
	GlobalSection(SolutionConfigurationPlatforms) = preSolution
		acc|.NET = acc|.NET
		acc|Any CPU = acc|Any CPU
		acc|Mixed Platforms = acc|Mixed Platforms
		acc|x86 = acc|x86
		BAL|.NET = BAL|.NET
		BAL|Any CPU = BAL|Any CPU
		BAL|Mixed Platforms = BAL|Mixed Platforms
		BAL|x86 = BAL|x86
		BalWebToolkit|.NET = BalWebToolkit|.NET
		BalWebToolkit|Any CPU = BalWebToolkit|Any CPU
		BalWebToolkit|Mixed Platforms = BalWebToolkit|Mixed Platforms
		BalWebToolkit|x86 = BalWebToolkit|x86
		Debug|.NET = Debug|.NET
		Debug|Any CPU = Debug|Any CPU
		Debug|Mixed Platforms = Debug|Mixed Platforms
		Debug|x86 = Debug|x86
		Dev|.NET = Dev|.NET
		Dev|Any CPU = Dev|Any CPU
		Dev|Mixed Platforms = Dev|Mixed Platforms
		Dev|x86 = Dev|x86
		Release|.NET = Release|.NET
		Release|Any CPU = Release|Any CPU
		Release|Mixed Platforms = Release|Mixed Platforms
		Release|x86 = Release|x86
	EndGlobalSection
	GlobalSection(ProjectConfigurationPlatforms) = postSolution
		{77EE0157-310F-423C-8DFC-CB4B64E0800F}.acc|.NET.ActiveCfg = acc|x86
		{77EE0157-310F-423C-8DFC-CB4B64E0800F}.acc|Any CPU.ActiveCfg = acc|Any CPU
		{77EE0157-310F-423C-8DFC-CB4B64E0800F}.acc|Any CPU.Build.0 = acc|Any CPU
		{77EE0157-310F-423C-8DFC-CB4B64E0800F}.acc|Mixed Platforms.ActiveCfg = acc|x86
		{77EE0157-310F-423C-8DFC-CB4B64E0800F}.acc|Mixed Platforms.Build.0 = acc|x86
		{77EE0157-310F-423C-8DFC-CB4B64E0800F}.acc|x86.ActiveCfg = acc|x86
		{77EE0157-310F-423C-8DFC-CB4B64E0800F}.acc|x86.Build.0 = acc|x86
		{77EE0157-310F-423C-8DFC-CB4B64E0800F}.BAL|.NET.ActiveCfg = BAL|Any CPU
		{77EE0157-310F-423C-8DFC-CB4B64E0800F}.BAL|Any CPU.ActiveCfg = Debug|Any CPU
		{77EE0157-310F-423C-8DFC-CB4B64E0800F}.BAL|Any CPU.Build.0 = Debug|Any CPU
		{77EE0157-310F-423C-8DFC-CB4B64E0800F}.BAL|Mixed Platforms.ActiveCfg = BAL|x86
		{77EE0157-310F-423C-8DFC-CB4B64E0800F}.BAL|Mixed Platforms.Build.0 = BAL|x86
		{77EE0157-310F-423C-8DFC-CB4B64E0800F}.BAL|x86.ActiveCfg = BAL|x86
		{77EE0157-310F-423C-8DFC-CB4B64E0800F}.BAL|x86.Build.0 = BAL|x86
		{77EE0157-310F-423C-8DFC-CB4B64E0800F}.BalWebToolkit|.NET.ActiveCfg = BalWebToolkit|x86
		{77EE0157-310F-423C-8DFC-CB4B64E0800F}.BalWebToolkit|Any CPU.ActiveCfg = Debug|Any CPU
		{77EE0157-310F-423C-8DFC-CB4B64E0800F}.BalWebToolkit|Any CPU.Build.0 = Debug|Any CPU
		{77EE0157-310F-423C-8DFC-CB4B64E0800F}.BalWebToolkit|Mixed Platforms.ActiveCfg = BalWebToolkit|x86
		{77EE0157-310F-423C-8DFC-CB4B64E0800F}.BalWebToolkit|Mixed Platforms.Build.0 = BalWebToolkit|x86
		{77EE0157-310F-423C-8DFC-CB4B64E0800F}.BalWebToolkit|x86.ActiveCfg = BalWebToolkit|x86
		{77EE0157-310F-423C-8DFC-CB4B64E0800F}.BalWebToolkit|x86.Build.0 = BalWebToolkit|x86
		{77EE0157-310F-423C-8DFC-CB4B64E0800F}.Debug|.NET.ActiveCfg = Debug|Any CPU
		{77EE0157-310F-423C-8DFC-CB4B64E0800F}.Debug|Any CPU.ActiveCfg = Debug|Any CPU
		{77EE0157-310F-423C-8DFC-CB4B64E0800F}.Debug|Any CPU.Build.0 = Debug|Any CPU
		{77EE0157-310F-423C-8DFC-CB4B64E0800F}.Debug|Mixed Platforms.ActiveCfg = Debug|Any CPU
		{77EE0157-310F-423C-8DFC-CB4B64E0800F}.Debug|Mixed Platforms.Build.0 = Debug|Any CPU
		{77EE0157-310F-423C-8DFC-CB4B64E0800F}.Debug|x86.ActiveCfg = Debug|x86
		{77EE0157-310F-423C-8DFC-CB4B64E0800F}.Debug|x86.Build.0 = Debug|x86
		{77EE0157-310F-423C-8DFC-CB4B64E0800F}.Dev|.NET.ActiveCfg = Dev|x86
		{77EE0157-310F-423C-8DFC-CB4B64E0800F}.Dev|Any CPU.ActiveCfg = Dev|Any CPU
		{77EE0157-310F-423C-8DFC-CB4B64E0800F}.Dev|Any CPU.Build.0 = Dev|Any CPU
		{77EE0157-310F-423C-8DFC-CB4B64E0800F}.Dev|Mixed Platforms.ActiveCfg = Dev|x86
		{77EE0157-310F-423C-8DFC-CB4B64E0800F}.Dev|Mixed Platforms.Build.0 = Dev|x86
		{77EE0157-310F-423C-8DFC-CB4B64E0800F}.Dev|x86.ActiveCfg = Dev|x86
		{77EE0157-310F-423C-8DFC-CB4B64E0800F}.Dev|x86.Build.0 = Dev|x86
		{77EE0157-310F-423C-8DFC-CB4B64E0800F}.Release|.NET.ActiveCfg = Release|Any CPU
		{77EE0157-310F-423C-8DFC-CB4B64E0800F}.Release|Any CPU.ActiveCfg = Release|Any CPU
		{77EE0157-310F-423C-8DFC-CB4B64E0800F}.Release|Any CPU.Build.0 = Release|Any CPU
		{77EE0157-310F-423C-8DFC-CB4B64E0800F}.Release|Mixed Platforms.ActiveCfg = Release|Any CPU
		{77EE0157-310F-423C-8DFC-CB4B64E0800F}.Release|Mixed Platforms.Build.0 = Release|Any CPU
		{77EE0157-310F-423C-8DFC-CB4B64E0800F}.Release|x86.ActiveCfg = Release|x86
		{77EE0157-310F-423C-8DFC-CB4B64E0800F}.Release|x86.Build.0 = Release|x86
		{88490C99-7DAA-4F3F-AB1B-AB7A5BFF8A81}.acc|.NET.ActiveCfg = acc|Any CPU
		{88490C99-7DAA-4F3F-AB1B-AB7A5BFF8A81}.acc|Any CPU.ActiveCfg = acc|Any CPU
		{88490C99-7DAA-4F3F-AB1B-AB7A5BFF8A81}.acc|Any CPU.Build.0 = acc|Any CPU
		{88490C99-7DAA-4F3F-AB1B-AB7A5BFF8A81}.acc|Mixed Platforms.ActiveCfg = acc|Any CPU
		{88490C99-7DAA-4F3F-AB1B-AB7A5BFF8A81}.acc|Mixed Platforms.Build.0 = acc|Any CPU
		{88490C99-7DAA-4F3F-AB1B-AB7A5BFF8A81}.acc|x86.ActiveCfg = acc|Any CPU
		{88490C99-7DAA-4F3F-AB1B-AB7A5BFF8A81}.BAL|.NET.ActiveCfg = BAL|Any CPU
		{88490C99-7DAA-4F3F-AB1B-AB7A5BFF8A81}.BAL|Any CPU.ActiveCfg = Debug|Any CPU
		{88490C99-7DAA-4F3F-AB1B-AB7A5BFF8A81}.BAL|Any CPU.Build.0 = Debug|Any CPU
		{88490C99-7DAA-4F3F-AB1B-AB7A5BFF8A81}.BAL|Mixed Platforms.ActiveCfg = BAL|Any CPU
		{88490C99-7DAA-4F3F-AB1B-AB7A5BFF8A81}.BAL|Mixed Platforms.Build.0 = BAL|Any CPU
		{88490C99-7DAA-4F3F-AB1B-AB7A5BFF8A81}.BAL|x86.ActiveCfg = BAL|Any CPU
		{88490C99-7DAA-4F3F-AB1B-AB7A5BFF8A81}.BalWebToolkit|.NET.ActiveCfg = BalWebToolkit|Any CPU
		{88490C99-7DAA-4F3F-AB1B-AB7A5BFF8A81}.BalWebToolkit|Any CPU.ActiveCfg = Debug|Any CPU
		{88490C99-7DAA-4F3F-AB1B-AB7A5BFF8A81}.BalWebToolkit|Any CPU.Build.0 = Debug|Any CPU
		{88490C99-7DAA-4F3F-AB1B-AB7A5BFF8A81}.BalWebToolkit|Mixed Platforms.ActiveCfg = BalWebToolkit|Any CPU
		{88490C99-7DAA-4F3F-AB1B-AB7A5BFF8A81}.BalWebToolkit|Mixed Platforms.Build.0 = BalWebToolkit|Any CPU
		{88490C99-7DAA-4F3F-AB1B-AB7A5BFF8A81}.BalWebToolkit|x86.ActiveCfg = BalWebToolkit|Any CPU
		{88490C99-7DAA-4F3F-AB1B-AB7A5BFF8A81}.Debug|.NET.ActiveCfg = Debug|Any CPU
		{88490C99-7DAA-4F3F-AB1B-AB7A5BFF8A81}.Debug|Any CPU.ActiveCfg = Debug|Any CPU
		{88490C99-7DAA-4F3F-AB1B-AB7A5BFF8A81}.Debug|Any CPU.Build.0 = Debug|Any CPU
		{88490C99-7DAA-4F3F-AB1B-AB7A5BFF8A81}.Debug|Mixed Platforms.ActiveCfg = Debug|Any CPU
		{88490C99-7DAA-4F3F-AB1B-AB7A5BFF8A81}.Debug|Mixed Platforms.Build.0 = Debug|Any CPU
		{88490C99-7DAA-4F3F-AB1B-AB7A5BFF8A81}.Debug|x86.ActiveCfg = Debug|Any CPU
		{88490C99-7DAA-4F3F-AB1B-AB7A5BFF8A81}.Dev|.NET.ActiveCfg = Dev|Any CPU
		{88490C99-7DAA-4F3F-AB1B-AB7A5BFF8A81}.Dev|Any CPU.ActiveCfg = Dev|Any CPU
		{88490C99-7DAA-4F3F-AB1B-AB7A5BFF8A81}.Dev|Any CPU.Build.0 = Dev|Any CPU
		{88490C99-7DAA-4F3F-AB1B-AB7A5BFF8A81}.Dev|Mixed Platforms.ActiveCfg = Dev|Any CPU
		{88490C99-7DAA-4F3F-AB1B-AB7A5BFF8A81}.Dev|Mixed Platforms.Build.0 = Dev|Any CPU
		{88490C99-7DAA-4F3F-AB1B-AB7A5BFF8A81}.Dev|x86.ActiveCfg = Dev|Any CPU
		{88490C99-7DAA-4F3F-AB1B-AB7A5BFF8A81}.Release|.NET.ActiveCfg = Release|Any CPU
		{88490C99-7DAA-4F3F-AB1B-AB7A5BFF8A81}.Release|Any CPU.ActiveCfg = Release|Any CPU
		{88490C99-7DAA-4F3F-AB1B-AB7A5BFF8A81}.Release|Any CPU.Build.0 = Release|Any CPU
		{88490C99-7DAA-4F3F-AB1B-AB7A5BFF8A81}.Release|Mixed Platforms.ActiveCfg = Release|Any CPU
		{88490C99-7DAA-4F3F-AB1B-AB7A5BFF8A81}.Release|Mixed Platforms.Build.0 = Release|Any CPU
		{88490C99-7DAA-4F3F-AB1B-AB7A5BFF8A81}.Release|x86.ActiveCfg = Release|Any CPU
		{EEE06183-11F3-4522-99E8-ED50179667E3}.acc|.NET.ActiveCfg = acc|Any CPU
		{EEE06183-11F3-4522-99E8-ED50179667E3}.acc|Any CPU.ActiveCfg = acc|Any CPU
		{EEE06183-11F3-4522-99E8-ED50179667E3}.acc|Any CPU.Build.0 = acc|Any CPU
		{EEE06183-11F3-4522-99E8-ED50179667E3}.acc|Mixed Platforms.ActiveCfg = acc|Any CPU
		{EEE06183-11F3-4522-99E8-ED50179667E3}.acc|Mixed Platforms.Build.0 = acc|Any CPU
		{EEE06183-11F3-4522-99E8-ED50179667E3}.acc|x86.ActiveCfg = acc|Any CPU
		{EEE06183-11F3-4522-99E8-ED50179667E3}.BAL|.NET.ActiveCfg = BAL|Any CPU
		{EEE06183-11F3-4522-99E8-ED50179667E3}.BAL|Any CPU.ActiveCfg = Debug|Any CPU
		{EEE06183-11F3-4522-99E8-ED50179667E3}.BAL|Any CPU.Build.0 = Debug|Any CPU
		{EEE06183-11F3-4522-99E8-ED50179667E3}.BAL|Mixed Platforms.ActiveCfg = BAL|Any CPU
		{EEE06183-11F3-4522-99E8-ED50179667E3}.BAL|Mixed Platforms.Build.0 = BAL|Any CPU
		{EEE06183-11F3-4522-99E8-ED50179667E3}.BAL|x86.ActiveCfg = BAL|Any CPU
		{EEE06183-11F3-4522-99E8-ED50179667E3}.BalWebToolkit|.NET.ActiveCfg = BalWebToolkit|Any CPU
		{EEE06183-11F3-4522-99E8-ED50179667E3}.BalWebToolkit|Any CPU.ActiveCfg = Debug|Any CPU
		{EEE06183-11F3-4522-99E8-ED50179667E3}.BalWebToolkit|Any CPU.Build.0 = Debug|Any CPU
		{EEE06183-11F3-4522-99E8-ED50179667E3}.BalWebToolkit|Mixed Platforms.ActiveCfg = BalWebToolkit|Any CPU
		{EEE06183-11F3-4522-99E8-ED50179667E3}.BalWebToolkit|Mixed Platforms.Build.0 = BalWebToolkit|Any CPU
		{EEE06183-11F3-4522-99E8-ED50179667E3}.BalWebToolkit|x86.ActiveCfg = BalWebToolkit|Any CPU
		{EEE06183-11F3-4522-99E8-ED50179667E3}.Debug|.NET.ActiveCfg = Debug|Any CPU
		{EEE06183-11F3-4522-99E8-ED50179667E3}.Debug|Any CPU.ActiveCfg = Debug|Any CPU
		{EEE06183-11F3-4522-99E8-ED50179667E3}.Debug|Any CPU.Build.0 = Debug|Any CPU
		{EEE06183-11F3-4522-99E8-ED50179667E3}.Debug|Mixed Platforms.ActiveCfg = Debug|Any CPU
		{EEE06183-11F3-4522-99E8-ED50179667E3}.Debug|Mixed Platforms.Build.0 = Debug|Any CPU
		{EEE06183-11F3-4522-99E8-ED50179667E3}.Debug|x86.ActiveCfg = Debug|Any CPU
		{EEE06183-11F3-4522-99E8-ED50179667E3}.Dev|.NET.ActiveCfg = Dev|Any CPU
		{EEE06183-11F3-4522-99E8-ED50179667E3}.Dev|Any CPU.ActiveCfg = Dev|Any CPU
		{EEE06183-11F3-4522-99E8-ED50179667E3}.Dev|Any CPU.Build.0 = Dev|Any CPU
		{EEE06183-11F3-4522-99E8-ED50179667E3}.Dev|Mixed Platforms.ActiveCfg = Dev|Any CPU
		{EEE06183-11F3-4522-99E8-ED50179667E3}.Dev|Mixed Platforms.Build.0 = Dev|Any CPU
		{EEE06183-11F3-4522-99E8-ED50179667E3}.Dev|x86.ActiveCfg = Dev|Any CPU
		{EEE06183-11F3-4522-99E8-ED50179667E3}.Release|.NET.ActiveCfg = Release|Any CPU
		{EEE06183-11F3-4522-99E8-ED50179667E3}.Release|Any CPU.ActiveCfg = Release|Any CPU
		{EEE06183-11F3-4522-99E8-ED50179667E3}.Release|Any CPU.Build.0 = Release|Any CPU
		{EEE06183-11F3-4522-99E8-ED50179667E3}.Release|Mixed Platforms.ActiveCfg = Release|Any CPU
		{EEE06183-11F3-4522-99E8-ED50179667E3}.Release|Mixed Platforms.Build.0 = Release|Any CPU
		{EEE06183-11F3-4522-99E8-ED50179667E3}.Release|x86.ActiveCfg = Release|Any CPU
		{76F06B55-5F35-4DB3-A7DD-FB92CF8C66C9}.acc|.NET.ActiveCfg = Debug|.NET
		{76F06B55-5F35-4DB3-A7DD-FB92CF8C66C9}.acc|.NET.Build.0 = Debug|.NET
		{76F06B55-5F35-4DB3-A7DD-FB92CF8C66C9}.acc|Any CPU.ActiveCfg = Debug|.NET
		{76F06B55-5F35-4DB3-A7DD-FB92CF8C66C9}.acc|Mixed Platforms.ActiveCfg = Debug|.NET
		{76F06B55-5F35-4DB3-A7DD-FB92CF8C66C9}.acc|Mixed Platforms.Build.0 = Debug|.NET
		{76F06B55-5F35-4DB3-A7DD-FB92CF8C66C9}.acc|x86.ActiveCfg = Debug|.NET
		{76F06B55-5F35-4DB3-A7DD-FB92CF8C66C9}.BAL|.NET.ActiveCfg = Debug|.NET
		{76F06B55-5F35-4DB3-A7DD-FB92CF8C66C9}.BAL|.NET.Build.0 = Debug|.NET
		{76F06B55-5F35-4DB3-A7DD-FB92CF8C66C9}.BAL|Any CPU.ActiveCfg = Debug|.NET
		{76F06B55-5F35-4DB3-A7DD-FB92CF8C66C9}.BAL|Mixed Platforms.ActiveCfg = Debug|.NET
		{76F06B55-5F35-4DB3-A7DD-FB92CF8C66C9}.BAL|Mixed Platforms.Build.0 = Debug|.NET
		{76F06B55-5F35-4DB3-A7DD-FB92CF8C66C9}.BAL|x86.ActiveCfg = Debug|.NET
		{76F06B55-5F35-4DB3-A7DD-FB92CF8C66C9}.BalWebToolkit|.NET.ActiveCfg = Debug|.NET
		{76F06B55-5F35-4DB3-A7DD-FB92CF8C66C9}.BalWebToolkit|.NET.Build.0 = Debug|.NET
		{76F06B55-5F35-4DB3-A7DD-FB92CF8C66C9}.BalWebToolkit|Any CPU.ActiveCfg = Debug|.NET
		{76F06B55-5F35-4DB3-A7DD-FB92CF8C66C9}.BalWebToolkit|Mixed Platforms.ActiveCfg = Debug|.NET
		{76F06B55-5F35-4DB3-A7DD-FB92CF8C66C9}.BalWebToolkit|Mixed Platforms.Build.0 = Debug|.NET
		{76F06B55-5F35-4DB3-A7DD-FB92CF8C66C9}.BalWebToolkit|x86.ActiveCfg = Debug|.NET
		{76F06B55-5F35-4DB3-A7DD-FB92CF8C66C9}.Debug|.NET.ActiveCfg = Debug|.NET
		{76F06B55-5F35-4DB3-A7DD-FB92CF8C66C9}.Debug|.NET.Build.0 = Debug|.NET
		{76F06B55-5F35-4DB3-A7DD-FB92CF8C66C9}.Debug|Any CPU.ActiveCfg = Debug|.NET
		{76F06B55-5F35-4DB3-A7DD-FB92CF8C66C9}.Debug|Mixed Platforms.ActiveCfg = Debug|.NET
		{76F06B55-5F35-4DB3-A7DD-FB92CF8C66C9}.Debug|Mixed Platforms.Build.0 = Debug|.NET
		{76F06B55-5F35-4DB3-A7DD-FB92CF8C66C9}.Debug|x86.ActiveCfg = Debug|.NET
		{76F06B55-5F35-4DB3-A7DD-FB92CF8C66C9}.Dev|.NET.ActiveCfg = Debug|.NET
		{76F06B55-5F35-4DB3-A7DD-FB92CF8C66C9}.Dev|.NET.Build.0 = Debug|.NET
		{76F06B55-5F35-4DB3-A7DD-FB92CF8C66C9}.Dev|Any CPU.ActiveCfg = Debug|.NET
		{76F06B55-5F35-4DB3-A7DD-FB92CF8C66C9}.Dev|Mixed Platforms.ActiveCfg = Debug|.NET
		{76F06B55-5F35-4DB3-A7DD-FB92CF8C66C9}.Dev|Mixed Platforms.Build.0 = Debug|.NET
		{76F06B55-5F35-4DB3-A7DD-FB92CF8C66C9}.Dev|x86.ActiveCfg = Debug|.NET
		{76F06B55-5F35-4DB3-A7DD-FB92CF8C66C9}.Release|.NET.ActiveCfg = Debug|.NET
		{76F06B55-5F35-4DB3-A7DD-FB92CF8C66C9}.Release|.NET.Build.0 = Debug|.NET
		{76F06B55-5F35-4DB3-A7DD-FB92CF8C66C9}.Release|Any CPU.ActiveCfg = Debug|.NET
		{76F06B55-5F35-4DB3-A7DD-FB92CF8C66C9}.Release|Mixed Platforms.ActiveCfg = Debug|.NET
		{76F06B55-5F35-4DB3-A7DD-FB92CF8C66C9}.Release|Mixed Platforms.Build.0 = Debug|.NET
		{76F06B55-5F35-4DB3-A7DD-FB92CF8C66C9}.Release|x86.ActiveCfg = Debug|.NET
		{8EBD24FC-80F8-46F2-B0EF-F2065FE823C0}.acc|.NET.ActiveCfg = acc|Any CPU
		{8EBD24FC-80F8-46F2-B0EF-F2065FE823C0}.acc|Any CPU.ActiveCfg = acc|Any CPU
		{8EBD24FC-80F8-46F2-B0EF-F2065FE823C0}.acc|Any CPU.Build.0 = acc|Any CPU
		{8EBD24FC-80F8-46F2-B0EF-F2065FE823C0}.acc|Mixed Platforms.ActiveCfg = acc|Any CPU
		{8EBD24FC-80F8-46F2-B0EF-F2065FE823C0}.acc|Mixed Platforms.Build.0 = acc|Any CPU
		{8EBD24FC-80F8-46F2-B0EF-F2065FE823C0}.acc|x86.ActiveCfg = acc|Any CPU
		{8EBD24FC-80F8-46F2-B0EF-F2065FE823C0}.BAL|.NET.ActiveCfg = BAL|Any CPU
		{8EBD24FC-80F8-46F2-B0EF-F2065FE823C0}.BAL|Any CPU.ActiveCfg = BAL|Any CPU
		{8EBD24FC-80F8-46F2-B0EF-F2065FE823C0}.BAL|Any CPU.Build.0 = BAL|Any CPU
		{8EBD24FC-80F8-46F2-B0EF-F2065FE823C0}.BAL|Mixed Platforms.ActiveCfg = BAL|Any CPU
		{8EBD24FC-80F8-46F2-B0EF-F2065FE823C0}.BAL|Mixed Platforms.Build.0 = BAL|Any CPU
		{8EBD24FC-80F8-46F2-B0EF-F2065FE823C0}.BAL|x86.ActiveCfg = BAL|Any CPU
		{8EBD24FC-80F8-46F2-B0EF-F2065FE823C0}.BalWebToolkit|.NET.ActiveCfg = BalWebToolkit|Any CPU
		{8EBD24FC-80F8-46F2-B0EF-F2065FE823C0}.BalWebToolkit|Any CPU.ActiveCfg = BalWebToolkit|Any CPU
		{8EBD24FC-80F8-46F2-B0EF-F2065FE823C0}.BalWebToolkit|Any CPU.Build.0 = BalWebToolkit|Any CPU
		{8EBD24FC-80F8-46F2-B0EF-F2065FE823C0}.BalWebToolkit|Mixed Platforms.ActiveCfg = BalWebToolkit|Any CPU
		{8EBD24FC-80F8-46F2-B0EF-F2065FE823C0}.BalWebToolkit|Mixed Platforms.Build.0 = BalWebToolkit|Any CPU
		{8EBD24FC-80F8-46F2-B0EF-F2065FE823C0}.BalWebToolkit|x86.ActiveCfg = BalWebToolkit|Any CPU
		{8EBD24FC-80F8-46F2-B0EF-F2065FE823C0}.Debug|.NET.ActiveCfg = Debug|Any CPU
		{8EBD24FC-80F8-46F2-B0EF-F2065FE823C0}.Debug|Any CPU.ActiveCfg = Debug|Any CPU
		{8EBD24FC-80F8-46F2-B0EF-F2065FE823C0}.Debug|Any CPU.Build.0 = Debug|Any CPU
		{8EBD24FC-80F8-46F2-B0EF-F2065FE823C0}.Debug|Mixed Platforms.ActiveCfg = Debug|Any CPU
		{8EBD24FC-80F8-46F2-B0EF-F2065FE823C0}.Debug|Mixed Platforms.Build.0 = Debug|Any CPU
		{8EBD24FC-80F8-46F2-B0EF-F2065FE823C0}.Debug|x86.ActiveCfg = Debug|Any CPU
		{8EBD24FC-80F8-46F2-B0EF-F2065FE823C0}.Dev|.NET.ActiveCfg = Dev|Any CPU
		{8EBD24FC-80F8-46F2-B0EF-F2065FE823C0}.Dev|Any CPU.ActiveCfg = Dev|Any CPU
		{8EBD24FC-80F8-46F2-B0EF-F2065FE823C0}.Dev|Any CPU.Build.0 = Dev|Any CPU
		{8EBD24FC-80F8-46F2-B0EF-F2065FE823C0}.Dev|Mixed Platforms.ActiveCfg = Dev|Any CPU
		{8EBD24FC-80F8-46F2-B0EF-F2065FE823C0}.Dev|Mixed Platforms.Build.0 = Dev|Any CPU
		{8EBD24FC-80F8-46F2-B0EF-F2065FE823C0}.Dev|x86.ActiveCfg = Dev|Any CPU
		{8EBD24FC-80F8-46F2-B0EF-F2065FE823C0}.Release|.NET.ActiveCfg = Release|Any CPU
		{8EBD24FC-80F8-46F2-B0EF-F2065FE823C0}.Release|Any CPU.ActiveCfg = Release|Any CPU
		{8EBD24FC-80F8-46F2-B0EF-F2065FE823C0}.Release|Any CPU.Build.0 = Release|Any CPU
		{8EBD24FC-80F8-46F2-B0EF-F2065FE823C0}.Release|Mixed Platforms.ActiveCfg = Release|Any CPU
		{8EBD24FC-80F8-46F2-B0EF-F2065FE823C0}.Release|Mixed Platforms.Build.0 = Release|Any CPU
		{8EBD24FC-80F8-46F2-B0EF-F2065FE823C0}.Release|x86.ActiveCfg = Release|Any CPU
		{B3FFDF3C-754C-4A7B-AE10-844F265CF7F4}.acc|.NET.ActiveCfg = acc|Any CPU
		{B3FFDF3C-754C-4A7B-AE10-844F265CF7F4}.acc|Any CPU.ActiveCfg = acc|Any CPU
		{B3FFDF3C-754C-4A7B-AE10-844F265CF7F4}.acc|Any CPU.Build.0 = acc|Any CPU
		{B3FFDF3C-754C-4A7B-AE10-844F265CF7F4}.acc|Mixed Platforms.ActiveCfg = acc|Any CPU
		{B3FFDF3C-754C-4A7B-AE10-844F265CF7F4}.acc|Mixed Platforms.Build.0 = acc|Any CPU
		{B3FFDF3C-754C-4A7B-AE10-844F265CF7F4}.acc|x86.ActiveCfg = acc|Any CPU
		{B3FFDF3C-754C-4A7B-AE10-844F265CF7F4}.BAL|.NET.ActiveCfg = BAL|Any CPU
		{B3FFDF3C-754C-4A7B-AE10-844F265CF7F4}.BAL|Any CPU.ActiveCfg = BAL|Any CPU
		{B3FFDF3C-754C-4A7B-AE10-844F265CF7F4}.BAL|Any CPU.Build.0 = BAL|Any CPU
		{B3FFDF3C-754C-4A7B-AE10-844F265CF7F4}.BAL|Mixed Platforms.ActiveCfg = BAL|Any CPU
		{B3FFDF3C-754C-4A7B-AE10-844F265CF7F4}.BAL|Mixed Platforms.Build.0 = BAL|Any CPU
		{B3FFDF3C-754C-4A7B-AE10-844F265CF7F4}.BAL|x86.ActiveCfg = BAL|Any CPU
		{B3FFDF3C-754C-4A7B-AE10-844F265CF7F4}.BalWebToolkit|.NET.ActiveCfg = BalWebToolkit|Any CPU
		{B3FFDF3C-754C-4A7B-AE10-844F265CF7F4}.BalWebToolkit|Any CPU.ActiveCfg = BalWebToolkit|Any CPU
		{B3FFDF3C-754C-4A7B-AE10-844F265CF7F4}.BalWebToolkit|Any CPU.Build.0 = BalWebToolkit|Any CPU
		{B3FFDF3C-754C-4A7B-AE10-844F265CF7F4}.BalWebToolkit|Mixed Platforms.ActiveCfg = BalWebToolkit|Any CPU
		{B3FFDF3C-754C-4A7B-AE10-844F265CF7F4}.BalWebToolkit|Mixed Platforms.Build.0 = BalWebToolkit|Any CPU
		{B3FFDF3C-754C-4A7B-AE10-844F265CF7F4}.BalWebToolkit|x86.ActiveCfg = BalWebToolkit|Any CPU
		{B3FFDF3C-754C-4A7B-AE10-844F265CF7F4}.Debug|.NET.ActiveCfg = Debug|Any CPU
		{B3FFDF3C-754C-4A7B-AE10-844F265CF7F4}.Debug|Any CPU.ActiveCfg = Debug|Any CPU
		{B3FFDF3C-754C-4A7B-AE10-844F265CF7F4}.Debug|Any CPU.Build.0 = Debug|Any CPU
		{B3FFDF3C-754C-4A7B-AE10-844F265CF7F4}.Debug|Mixed Platforms.ActiveCfg = Debug|Any CPU
		{B3FFDF3C-754C-4A7B-AE10-844F265CF7F4}.Debug|Mixed Platforms.Build.0 = Debug|Any CPU
		{B3FFDF3C-754C-4A7B-AE10-844F265CF7F4}.Debug|x86.ActiveCfg = Debug|Any CPU
		{B3FFDF3C-754C-4A7B-AE10-844F265CF7F4}.Dev|.NET.ActiveCfg = Dev|Any CPU
		{B3FFDF3C-754C-4A7B-AE10-844F265CF7F4}.Dev|Any CPU.ActiveCfg = Dev|Any CPU
		{B3FFDF3C-754C-4A7B-AE10-844F265CF7F4}.Dev|Any CPU.Build.0 = Dev|Any CPU
		{B3FFDF3C-754C-4A7B-AE10-844F265CF7F4}.Dev|Mixed Platforms.ActiveCfg = Dev|Any CPU
		{B3FFDF3C-754C-4A7B-AE10-844F265CF7F4}.Dev|Mixed Platforms.Build.0 = Dev|Any CPU
		{B3FFDF3C-754C-4A7B-AE10-844F265CF7F4}.Dev|x86.ActiveCfg = Dev|Any CPU
		{B3FFDF3C-754C-4A7B-AE10-844F265CF7F4}.Release|.NET.ActiveCfg = Release|Any CPU
		{B3FFDF3C-754C-4A7B-AE10-844F265CF7F4}.Release|Any CPU.ActiveCfg = Release|Any CPU
		{B3FFDF3C-754C-4A7B-AE10-844F265CF7F4}.Release|Any CPU.Build.0 = Release|Any CPU
		{B3FFDF3C-754C-4A7B-AE10-844F265CF7F4}.Release|Mixed Platforms.ActiveCfg = Release|Any CPU
		{B3FFDF3C-754C-4A7B-AE10-844F265CF7F4}.Release|Mixed Platforms.Build.0 = Release|Any CPU
		{B3FFDF3C-754C-4A7B-AE10-844F265CF7F4}.Release|x86.ActiveCfg = Release|Any CPU
		{1963C7A8-34FD-4797-BEE5-E5F50A0AB7A2}.acc|.NET.ActiveCfg = acc|Any CPU
		{1963C7A8-34FD-4797-BEE5-E5F50A0AB7A2}.acc|Any CPU.ActiveCfg = acc|Any CPU
		{1963C7A8-34FD-4797-BEE5-E5F50A0AB7A2}.acc|Any CPU.Build.0 = acc|Any CPU
		{1963C7A8-34FD-4797-BEE5-E5F50A0AB7A2}.acc|Mixed Platforms.ActiveCfg = acc|Any CPU
		{1963C7A8-34FD-4797-BEE5-E5F50A0AB7A2}.acc|Mixed Platforms.Build.0 = acc|Any CPU
		{1963C7A8-34FD-4797-BEE5-E5F50A0AB7A2}.acc|x86.ActiveCfg = acc|Any CPU
		{1963C7A8-34FD-4797-BEE5-E5F50A0AB7A2}.BAL|.NET.ActiveCfg = BAL|Any CPU
		{1963C7A8-34FD-4797-BEE5-E5F50A0AB7A2}.BAL|Any CPU.ActiveCfg = BAL|Any CPU
		{1963C7A8-34FD-4797-BEE5-E5F50A0AB7A2}.BAL|Any CPU.Build.0 = BAL|Any CPU
		{1963C7A8-34FD-4797-BEE5-E5F50A0AB7A2}.BAL|Mixed Platforms.ActiveCfg = BAL|Any CPU
		{1963C7A8-34FD-4797-BEE5-E5F50A0AB7A2}.BAL|Mixed Platforms.Build.0 = BAL|Any CPU
		{1963C7A8-34FD-4797-BEE5-E5F50A0AB7A2}.BAL|x86.ActiveCfg = BAL|Any CPU
		{1963C7A8-34FD-4797-BEE5-E5F50A0AB7A2}.BalWebToolkit|.NET.ActiveCfg = BalWebToolkit|Any CPU
		{1963C7A8-34FD-4797-BEE5-E5F50A0AB7A2}.BalWebToolkit|Any CPU.ActiveCfg = BalWebToolkit|Any CPU
		{1963C7A8-34FD-4797-BEE5-E5F50A0AB7A2}.BalWebToolkit|Any CPU.Build.0 = BalWebToolkit|Any CPU
		{1963C7A8-34FD-4797-BEE5-E5F50A0AB7A2}.BalWebToolkit|Mixed Platforms.ActiveCfg = BalWebToolkit|Any CPU
		{1963C7A8-34FD-4797-BEE5-E5F50A0AB7A2}.BalWebToolkit|Mixed Platforms.Build.0 = BalWebToolkit|Any CPU
		{1963C7A8-34FD-4797-BEE5-E5F50A0AB7A2}.BalWebToolkit|x86.ActiveCfg = BalWebToolkit|Any CPU
		{1963C7A8-34FD-4797-BEE5-E5F50A0AB7A2}.Debug|.NET.ActiveCfg = Debug|Any CPU
		{1963C7A8-34FD-4797-BEE5-E5F50A0AB7A2}.Debug|Any CPU.ActiveCfg = Debug|Any CPU
		{1963C7A8-34FD-4797-BEE5-E5F50A0AB7A2}.Debug|Any CPU.Build.0 = Debug|Any CPU
		{1963C7A8-34FD-4797-BEE5-E5F50A0AB7A2}.Debug|Mixed Platforms.ActiveCfg = Debug|Any CPU
		{1963C7A8-34FD-4797-BEE5-E5F50A0AB7A2}.Debug|Mixed Platforms.Build.0 = Debug|Any CPU
		{1963C7A8-34FD-4797-BEE5-E5F50A0AB7A2}.Debug|x86.ActiveCfg = Debug|Any CPU
		{1963C7A8-34FD-4797-BEE5-E5F50A0AB7A2}.Dev|.NET.ActiveCfg = Dev|Any CPU
		{1963C7A8-34FD-4797-BEE5-E5F50A0AB7A2}.Dev|Any CPU.ActiveCfg = Dev|Any CPU
		{1963C7A8-34FD-4797-BEE5-E5F50A0AB7A2}.Dev|Any CPU.Build.0 = Dev|Any CPU
		{1963C7A8-34FD-4797-BEE5-E5F50A0AB7A2}.Dev|Mixed Platforms.ActiveCfg = Dev|Any CPU
		{1963C7A8-34FD-4797-BEE5-E5F50A0AB7A2}.Dev|Mixed Platforms.Build.0 = Dev|Any CPU
		{1963C7A8-34FD-4797-BEE5-E5F50A0AB7A2}.Dev|x86.ActiveCfg = Dev|Any CPU
		{1963C7A8-34FD-4797-BEE5-E5F50A0AB7A2}.Release|.NET.ActiveCfg = Release|Any CPU
		{1963C7A8-34FD-4797-BEE5-E5F50A0AB7A2}.Release|Any CPU.ActiveCfg = Release|Any CPU
		{1963C7A8-34FD-4797-BEE5-E5F50A0AB7A2}.Release|Any CPU.Build.0 = Release|Any CPU
		{1963C7A8-34FD-4797-BEE5-E5F50A0AB7A2}.Release|Mixed Platforms.ActiveCfg = Release|Any CPU
		{1963C7A8-34FD-4797-BEE5-E5F50A0AB7A2}.Release|Mixed Platforms.Build.0 = Release|Any CPU
		{1963C7A8-34FD-4797-BEE5-E5F50A0AB7A2}.Release|x86.ActiveCfg = Release|Any CPU
		{996CDBEB-7F04-4BCD-8AD9-8499FEA8056A}.acc|.NET.ActiveCfg = acc|Any CPU
		{996CDBEB-7F04-4BCD-8AD9-8499FEA8056A}.acc|Any CPU.ActiveCfg = acc|Any CPU
		{996CDBEB-7F04-4BCD-8AD9-8499FEA8056A}.acc|Any CPU.Build.0 = acc|Any CPU
		{996CDBEB-7F04-4BCD-8AD9-8499FEA8056A}.acc|Mixed Platforms.ActiveCfg = acc|Any CPU
		{996CDBEB-7F04-4BCD-8AD9-8499FEA8056A}.acc|Mixed Platforms.Build.0 = acc|Any CPU
		{996CDBEB-7F04-4BCD-8AD9-8499FEA8056A}.acc|x86.ActiveCfg = acc|Any CPU
		{996CDBEB-7F04-4BCD-8AD9-8499FEA8056A}.BAL|.NET.ActiveCfg = BAL|Any CPU
		{996CDBEB-7F04-4BCD-8AD9-8499FEA8056A}.BAL|Any CPU.ActiveCfg = BAL|Any CPU
		{996CDBEB-7F04-4BCD-8AD9-8499FEA8056A}.BAL|Any CPU.Build.0 = BAL|Any CPU
		{996CDBEB-7F04-4BCD-8AD9-8499FEA8056A}.BAL|Mixed Platforms.ActiveCfg = BAL|Any CPU
		{996CDBEB-7F04-4BCD-8AD9-8499FEA8056A}.BAL|Mixed Platforms.Build.0 = BAL|Any CPU
		{996CDBEB-7F04-4BCD-8AD9-8499FEA8056A}.BAL|x86.ActiveCfg = BAL|Any CPU
		{996CDBEB-7F04-4BCD-8AD9-8499FEA8056A}.BalWebToolkit|.NET.ActiveCfg = BalWebToolkit|Any CPU
		{996CDBEB-7F04-4BCD-8AD9-8499FEA8056A}.BalWebToolkit|Any CPU.ActiveCfg = BalWebToolkit|Any CPU
		{996CDBEB-7F04-4BCD-8AD9-8499FEA8056A}.BalWebToolkit|Any CPU.Build.0 = BalWebToolkit|Any CPU
		{996CDBEB-7F04-4BCD-8AD9-8499FEA8056A}.BalWebToolkit|Mixed Platforms.ActiveCfg = BalWebToolkit|Any CPU
		{996CDBEB-7F04-4BCD-8AD9-8499FEA8056A}.BalWebToolkit|Mixed Platforms.Build.0 = BalWebToolkit|Any CPU
		{996CDBEB-7F04-4BCD-8AD9-8499FEA8056A}.BalWebToolkit|x86.ActiveCfg = BalWebToolkit|Any CPU
		{996CDBEB-7F04-4BCD-8AD9-8499FEA8056A}.Debug|.NET.ActiveCfg = Debug|Any CPU
		{996CDBEB-7F04-4BCD-8AD9-8499FEA8056A}.Debug|Any CPU.ActiveCfg = Debug|Any CPU
		{996CDBEB-7F04-4BCD-8AD9-8499FEA8056A}.Debug|Any CPU.Build.0 = Debug|Any CPU
		{996CDBEB-7F04-4BCD-8AD9-8499FEA8056A}.Debug|Mixed Platforms.ActiveCfg = Debug|Any CPU
		{996CDBEB-7F04-4BCD-8AD9-8499FEA8056A}.Debug|Mixed Platforms.Build.0 = Debug|Any CPU
		{996CDBEB-7F04-4BCD-8AD9-8499FEA8056A}.Debug|x86.ActiveCfg = Debug|Any CPU
		{996CDBEB-7F04-4BCD-8AD9-8499FEA8056A}.Dev|.NET.ActiveCfg = Dev|Any CPU
		{996CDBEB-7F04-4BCD-8AD9-8499FEA8056A}.Dev|Any CPU.ActiveCfg = Dev|Any CPU
		{996CDBEB-7F04-4BCD-8AD9-8499FEA8056A}.Dev|Any CPU.Build.0 = Dev|Any CPU
		{996CDBEB-7F04-4BCD-8AD9-8499FEA8056A}.Dev|Mixed Platforms.ActiveCfg = Dev|Any CPU
		{996CDBEB-7F04-4BCD-8AD9-8499FEA8056A}.Dev|Mixed Platforms.Build.0 = Dev|Any CPU
		{996CDBEB-7F04-4BCD-8AD9-8499FEA8056A}.Dev|x86.ActiveCfg = Dev|Any CPU
		{996CDBEB-7F04-4BCD-8AD9-8499FEA8056A}.Release|.NET.ActiveCfg = Release|Any CPU
		{996CDBEB-7F04-4BCD-8AD9-8499FEA8056A}.Release|Any CPU.ActiveCfg = Release|Any CPU
		{996CDBEB-7F04-4BCD-8AD9-8499FEA8056A}.Release|Any CPU.Build.0 = Release|Any CPU
		{996CDBEB-7F04-4BCD-8AD9-8499FEA8056A}.Release|Mixed Platforms.ActiveCfg = Release|Any CPU
		{996CDBEB-7F04-4BCD-8AD9-8499FEA8056A}.Release|Mixed Platforms.Build.0 = Release|Any CPU
		{996CDBEB-7F04-4BCD-8AD9-8499FEA8056A}.Release|x86.ActiveCfg = Release|Any CPU
		{7AB36CCF-5FFD-4780-A54E-A102ECA028B5}.acc|.NET.ActiveCfg = acc|Any CPU
		{7AB36CCF-5FFD-4780-A54E-A102ECA028B5}.acc|Any CPU.ActiveCfg = acc|Any CPU
		{7AB36CCF-5FFD-4780-A54E-A102ECA028B5}.acc|Any CPU.Build.0 = acc|Any CPU
		{7AB36CCF-5FFD-4780-A54E-A102ECA028B5}.acc|Mixed Platforms.ActiveCfg = acc|Any CPU
		{7AB36CCF-5FFD-4780-A54E-A102ECA028B5}.acc|Mixed Platforms.Build.0 = acc|Any CPU
		{7AB36CCF-5FFD-4780-A54E-A102ECA028B5}.acc|x86.ActiveCfg = acc|Any CPU
		{7AB36CCF-5FFD-4780-A54E-A102ECA028B5}.BAL|.NET.ActiveCfg = Release|Any CPU
		{7AB36CCF-5FFD-4780-A54E-A102ECA028B5}.BAL|Any CPU.ActiveCfg = Release|Any CPU
		{7AB36CCF-5FFD-4780-A54E-A102ECA028B5}.BAL|Any CPU.Build.0 = Release|Any CPU
		{7AB36CCF-5FFD-4780-A54E-A102ECA028B5}.BAL|Mixed Platforms.ActiveCfg = Release|Any CPU
		{7AB36CCF-5FFD-4780-A54E-A102ECA028B5}.BAL|Mixed Platforms.Build.0 = Release|Any CPU
		{7AB36CCF-5FFD-4780-A54E-A102ECA028B5}.BAL|x86.ActiveCfg = Release|Any CPU
		{7AB36CCF-5FFD-4780-A54E-A102ECA028B5}.BalWebToolkit|.NET.ActiveCfg = Release|Any CPU
		{7AB36CCF-5FFD-4780-A54E-A102ECA028B5}.BalWebToolkit|Any CPU.ActiveCfg = Release|Any CPU
		{7AB36CCF-5FFD-4780-A54E-A102ECA028B5}.BalWebToolkit|Any CPU.Build.0 = Release|Any CPU
		{7AB36CCF-5FFD-4780-A54E-A102ECA028B5}.BalWebToolkit|Mixed Platforms.ActiveCfg = Release|Any CPU
		{7AB36CCF-5FFD-4780-A54E-A102ECA028B5}.BalWebToolkit|Mixed Platforms.Build.0 = Release|Any CPU
		{7AB36CCF-5FFD-4780-A54E-A102ECA028B5}.BalWebToolkit|x86.ActiveCfg = Release|Any CPU
		{7AB36CCF-5FFD-4780-A54E-A102ECA028B5}.Debug|.NET.ActiveCfg = Debug|Any CPU
		{7AB36CCF-5FFD-4780-A54E-A102ECA028B5}.Debug|Any CPU.ActiveCfg = Debug|Any CPU
		{7AB36CCF-5FFD-4780-A54E-A102ECA028B5}.Debug|Any CPU.Build.0 = Debug|Any CPU
		{7AB36CCF-5FFD-4780-A54E-A102ECA028B5}.Debug|Mixed Platforms.ActiveCfg = Debug|Any CPU
		{7AB36CCF-5FFD-4780-A54E-A102ECA028B5}.Debug|Mixed Platforms.Build.0 = Debug|Any CPU
		{7AB36CCF-5FFD-4780-A54E-A102ECA028B5}.Debug|x86.ActiveCfg = Debug|Any CPU
		{7AB36CCF-5FFD-4780-A54E-A102ECA028B5}.Dev|.NET.ActiveCfg = Dev|Any CPU
		{7AB36CCF-5FFD-4780-A54E-A102ECA028B5}.Dev|Any CPU.ActiveCfg = Dev|Any CPU
		{7AB36CCF-5FFD-4780-A54E-A102ECA028B5}.Dev|Any CPU.Build.0 = Dev|Any CPU
		{7AB36CCF-5FFD-4780-A54E-A102ECA028B5}.Dev|Mixed Platforms.ActiveCfg = Dev|Any CPU
		{7AB36CCF-5FFD-4780-A54E-A102ECA028B5}.Dev|Mixed Platforms.Build.0 = Dev|Any CPU
		{7AB36CCF-5FFD-4780-A54E-A102ECA028B5}.Dev|x86.ActiveCfg = Dev|Any CPU
		{7AB36CCF-5FFD-4780-A54E-A102ECA028B5}.Release|.NET.ActiveCfg = Release|Any CPU
		{7AB36CCF-5FFD-4780-A54E-A102ECA028B5}.Release|Any CPU.ActiveCfg = Release|Any CPU
		{7AB36CCF-5FFD-4780-A54E-A102ECA028B5}.Release|Any CPU.Build.0 = Release|Any CPU
		{7AB36CCF-5FFD-4780-A54E-A102ECA028B5}.Release|Mixed Platforms.ActiveCfg = Release|Any CPU
		{7AB36CCF-5FFD-4780-A54E-A102ECA028B5}.Release|Mixed Platforms.Build.0 = Release|Any CPU
		{7AB36CCF-5FFD-4780-A54E-A102ECA028B5}.Release|x86.ActiveCfg = Release|Any CPU
	EndGlobalSection
	GlobalSection(SolutionProperties) = preSolution
		HideSolutionNode = FALSE
	EndGlobalSection
EndGlobal
